
Microsoft Visual Studio Solution File, Format Version 12.00
# Visual Studio Version 16
VisualStudioVersion = 16.0.30621.155
MinimumVisualStudioVersion = 10.0.40219.1
Project("{E24C65DC-7377-472B-9ABA-BC803B73C61A}") = "mobile", "..\mobile", "{FD9F2112-B89A-493D-B802-4BEED2EDFEEA}"
	ProjectSection(WebsiteProperties) = preProject
		TargetFrameworkMoniker = ".NETFramework,Version%3Dv4.0"
		Debug.AspNetCompiler.VirtualPath = "/localhost_52073"
		Debug.AspNetCompiler.PhysicalPath = "D:\鸿通物业\mobile\"
		Debug.AspNetCompiler.TargetPath = "PrecompiledWeb\localhost_52073\"
		Debug.AspNetCompiler.Updateable = "true"
		Debug.AspNetCompiler.ForceOverwrite = "true"
		Debug.AspNetCompiler.FixedNames = "false"
		Debug.AspNetCompiler.Debug = "True"
		Release.AspNetCompiler.VirtualPath = "/localhost_52073"
		Release.AspNetCompiler.PhysicalPath = "D:\鸿通物业\mobile\"
		Release.AspNetCompiler.TargetPath = "PrecompiledWeb\localhost_52073\"
		Release.AspNetCompiler.Updateable = "true"
		Release.AspNetCompiler.ForceOverwrite = "true"
		Release.AspNetCompiler.FixedNames = "false"
		Release.AspNetCompiler.Debug = "False"
		VWDPort = "52073"
	EndProjectSection
EndProject
Global
	GlobalSection(SolutionConfigurationPlatforms) = preSolution
		Debug|Any CPU = Debug|Any CPU
	EndGlobalSection
	GlobalSection(ProjectConfigurationPlatforms) = postSolution
		{FD9F2112-B89A-493D-B802-4BEED2EDFEEA}.Debug|Any CPU.ActiveCfg = Debug|Any CPU
		{FD9F2112-B89A-493D-B802-4BEED2EDFEEA}.Debug|Any CPU.Build.0 = Debug|Any CPU
	EndGlobalSection
	GlobalSection(SolutionProperties) = preSolution
		HideSolutionNode = FALSE
	EndGlobalSection
	GlobalSection(ExtensibilityGlobals) = postSolution
		SolutionGuid = {ACF91F85-B952-43A1-B089-AF778263BB29}
	EndGlobalSection
EndGlobal
